Microsoft Visual Studio Solution File, Format Version 12.00
# Visual Studio Version 17
VisualStudioVersion = 17.5.2.0
MinimumVisualStudioVersion = 10.0.40219.1
Project("{FAE04EC0-301F-11D3-BF4B-00C04F79EFBC}") = "HomeStay_MVC", "HomeStay_MVC.csproj", "{ADB9C4BA-1864-339D-163C-E44AF5440E7E}"
EndProject
Global
	GlobalSection(SolutionConfigurationPlatforms) = preSolution
		Debug|Any CPU = Debug|Any CPU
		Release|Any CPU = Release|Any CPU
	EndGlobalSection
	GlobalSection(ProjectConfigurationPlatforms) = postSolution
		{ADB9C4BA-1864-339D-163C-E44AF5440E7E}.Debug|Any CPU.ActiveCfg = Debug|Any CPU
		{ADB9C4BA-1864-339D-163C-E44AF5440E7E}.Debug|Any CPU.Build.0 = Debug|Any CPU
		{ADB9C4BA-1864-339D-163C-E44AF5440E7E}.Release|Any CPU.ActiveCfg = Release|Any CPU
		{ADB9C4BA-1864-339D-163C-E44AF5440E7E}.Release|Any CPU.Build.0 = Release|Any CPU
	EndGlobalSection
	GlobalSection(SolutionProperties) = preSolution
		HideSolutionNode = FALSE
	EndGlobalSection
	GlobalSection(ExtensibilityGlobals) = postSolution
		SolutionGuid = {AB634039-8324-4D88-937E-72B7C09BE3FF}
	EndGlobalSection
EndGlobal
